{
  "name": "cycle-test",
  "version": "1.0.0",
  "lockfileVersion": 1,
  "requires": true,
  "dependencies": {
    "dotenv": {
      "version": "16.0.1",
      "resolved": "https://registry.npmjs.org/dotenv/-/dotenv-16.0.1.tgz",
      "integrity": "sha512-1K6hR6wtk2FviQ4kEiSjFiH5rpzEVi8WW0x96aztHVMhEspNpc4DVOUTEHtEva5VThQ8IaBX1Pe4gSzpVVUsKQ=="
    },
    "getenv": {
      "version": "1.0.0",
      "resolved": "https://registry.npmjs.org/getenv/-/getenv-1.0.0.tgz",
      "integrity": "sha512-7yetJWqbS9sbn0vIfliPsFgoXMKn/YMF+Wuiog97x+urnSRRRZ7xB+uVkwGKzRgq9CDFfMQnE9ruL5DHv9c6Xg=="
    }
  }
}
